
Microsoft Visual Studio Solution File, Format Version 12.00
# Visual Studio Version 16
VisualStudioVersion = 16.0.29709.97
MinimumVisualStudioVersion = 10.0.40219.1
Project("{FAE04EC0-301F-11D3-BF4B-00C04F79EFBC}") = "SpaceDuck.Common", "SpaceDuck.Common\SpaceDuck.Common.csproj", "{65F6F4FA-8814-4B61-9EB9-BCD5EB9CA29C}"
EndProject
Project("{FAE04EC0-301F-11D3-BF4B-00C04F79EFBC}") = "SpaceDuck.UserService", "SpaceDuck.UserService\SpaceDuck.UserService.csproj", "{1FEF0B3B-A083-4F3D-9BDC-3E28D615210A}"
EndProject
Project("{FAE04EC0-301F-11D3-BF4B-00C04F79EFBC}") = "SpaceDuck.ChessGame", "SpaceDuck.ChessGame\SpaceDuck.ChessGame.csproj", "{C744C760-66CC-4BD3-8DB3-62BD472E51DD}"
EndProject
Project("{FAE04EC0-301F-11D3-BF4B-00C04F79EFBC}") = "SpaceDuck.KalamburyGame", "SpaceDuck.KalamburyGame\SpaceDuck.KalamburyGame.csproj", "{49D7CC44-B294-4754-80FF-96E29A4640B9}"
EndProject
Project("{FAE04EC0-301F-11D3-BF4B-00C04F79EFBC}") = "SpaceDuck.ShipsGame", "SpaceDuck.StatkiGame\SpaceDuck.ShipsGame.csproj", "{2DC59E96-F07F-4F4E-8E38-94C37F57682F}"
EndProject

Project("{FAE04EC0-301F-11D3-BF4B-00C04F79EFBC}") = "Tests", "Tests/Tests.csproj", "{6D373957-C8D8-4C72-94E2-DDE3C92C9E5E}"
EndProject

Global
	GlobalSection(SolutionConfigurationPlatforms) = preSolution
		Debug|Any CPU = Debug|Any CPU
		Release|Any CPU = Release|Any CPU
	EndGlobalSection
	GlobalSection(ProjectConfigurationPlatforms) = postSolution
		{65F6F4FA-8814-4B61-9EB9-BCD5EB9CA29C}.Debug|Any CPU.ActiveCfg = Debug|Any CPU
		{65F6F4FA-8814-4B61-9EB9-BCD5EB9CA29C}.Debug|Any CPU.Build.0 = Debug|Any CPU
		{65F6F4FA-8814-4B61-9EB9-BCD5EB9CA29C}.Release|Any CPU.ActiveCfg = Release|Any CPU
		{65F6F4FA-8814-4B61-9EB9-BCD5EB9CA29C}.Release|Any CPU.Build.0 = Release|Any CPU

		{1FEF0B3B-A083-4F3D-9BDC-3E28D615210A}.Debug|Any CPU.ActiveCfg = Debug|Any CPU
		{1FEF0B3B-A083-4F3D-9BDC-3E28D615210A}.Debug|Any CPU.Build.0 = Debug|Any CPU
		{1FEF0B3B-A083-4F3D-9BDC-3E28D615210A}.Release|Any CPU.ActiveCfg = Release|Any CPU
		{1FEF0B3B-A083-4F3D-9BDC-3E28D615210A}.Release|Any CPU.Build.0 = Release|Any CPU		
		{C744C760-66CC-4BD3-8DB3-62BD472E51DD}.Debug|Any CPU.ActiveCfg = Debug|Any CPU
		{C744C760-66CC-4BD3-8DB3-62BD472E51DD}.Debug|Any CPU.Build.0 = Debug|Any CPU
		{C744C760-66CC-4BD3-8DB3-62BD472E51DD}.Release|Any CPU.ActiveCfg = Release|Any CPU
		{C744C760-66CC-4BD3-8DB3-62BD472E51DD}.Release|Any CPU.Build.0 = Release|Any CPU
		{49D7CC44-B294-4754-80FF-96E29A4640B9}.Debug|Any CPU.ActiveCfg = Debug|Any CPU
		{49D7CC44-B294-4754-80FF-96E29A4640B9}.Debug|Any CPU.Build.0 = Debug|Any CPU
		{49D7CC44-B294-4754-80FF-96E29A4640B9}.Release|Any CPU.ActiveCfg = Release|Any CPU
		{49D7CC44-B294-4754-80FF-96E29A4640B9}.Release|Any CPU.Build.0 = Release|Any CPU
		{2DC59E96-F07F-4F4E-8E38-94C37F57682F}.Debug|Any CPU.ActiveCfg = Debug|Any CPU
		{2DC59E96-F07F-4F4E-8E38-94C37F57682F}.Debug|Any CPU.Build.0 = Debug|Any CPU
		{2DC59E96-F07F-4F4E-8E38-94C37F57682F}.Release|Any CPU.ActiveCfg = Release|Any CPU
		{2DC59E96-F07F-4F4E-8E38-94C37F57682F}.Release|Any CPU.Build.0 = Release|Any CPU		
		{6D373957-C8D8-4C72-94E2-DDE3C92C9E5E}.Debug|Any CPU.ActiveCfg = Debug|Any CPU
		{6D373957-C8D8-4C72-94E2-DDE3C92C9E5E}.Debug|Any CPU.Build.0 = Debug|Any CPU
		{6D373957-C8D8-4C72-94E2-DDE3C92C9E5E}.Release|Any CPU.ActiveCfg = Release|Any CPU
		{6D373957-C8D8-4C72-94E2-DDE3C92C9E5E}.Release|Any CPU.Build.0 = Release|Any CPU

	EndGlobalSection
	GlobalSection(SolutionProperties) = preSolution
		HideSolutionNode = FALSE
	EndGlobalSection
	GlobalSection(ExtensibilityGlobals) = postSolution
		SolutionGuid = {A69B22B5-BB81-4EBF-AFE8-3DE14FBB6ABB}
	EndGlobalSection
EndGlobal
