
Microsoft Visual Studio Solution File, Format Version 12.00
# Visual Studio Version 16
VisualStudioVersion = 16.0.29709.97
MinimumVisualStudioVersion = 10.0.40219.1
Project("{9A19103F-16F7-4668-BE54-9A1E7A4F7556}") = "SpaceDuck.UserService", "SpaceDuck.UserService\SpaceDuck.UserService.csproj", "{ECD81A2A-F328-4C2E-8D6A-0673686152B8}"
EndProject
Project("{9A19103F-16F7-4668-BE54-9A1E7A4F7556}") = "SpaceDuck.KalamburyGame", "SpaceDuck.KalamburyGame\SpaceDuck.KalamburyGame.csproj", "{49D7CC44-B294-4754-80FF-96E29A4640B9}"
EndProject
Project("{9A19103F-16F7-4668-BE54-9A1E7A4F7556}") = "SpaceDuck.Common", "SpaceDuck.Common\SpaceDuck.Common.csproj", "{551EAB3E-A7A6-451A-82A2-CAEB732EC713}"
EndProject
Project("{FAE04EC0-301F-11D3-BF4B-00C04F79EFBC}") = "SpaceDuck.ChineseGame", "SpaceDuck.ChineseGame\SpaceDuck.ChineseGame.csproj", "{6CFF795A-9558-45E7-AC5C-8D421D122781}"
EndProject
Global
	GlobalSection(SolutionConfigurationPlatforms) = preSolution
		Debug|Any CPU = Debug|Any CPU
		Release|Any CPU = Release|Any CPU
	EndGlobalSection
	GlobalSection(ProjectConfigurationPlatforms) = postSolution
		{ECD81A2A-F328-4C2E-8D6A-0673686152B8}.Debug|Any CPU.ActiveCfg = Debug|Any CPU
		{ECD81A2A-F328-4C2E-8D6A-0673686152B8}.Debug|Any CPU.Build.0 = Debug|Any CPU
		{ECD81A2A-F328-4C2E-8D6A-0673686152B8}.Release|Any CPU.ActiveCfg = Release|Any CPU
		{ECD81A2A-F328-4C2E-8D6A-0673686152B8}.Release|Any CPU.Build.0 = Release|Any CPU
		{49D7CC44-B294-4754-80FF-96E29A4640B9}.Debug|Any CPU.ActiveCfg = Debug|Any CPU
		{49D7CC44-B294-4754-80FF-96E29A4640B9}.Debug|Any CPU.Build.0 = Debug|Any CPU
		{49D7CC44-B294-4754-80FF-96E29A4640B9}.Release|Any CPU.ActiveCfg = Release|Any CPU
		{49D7CC44-B294-4754-80FF-96E29A4640B9}.Release|Any CPU.Build.0 = Release|Any CPU
		{551EAB3E-A7A6-451A-82A2-CAEB732EC713}.Debug|Any CPU.ActiveCfg = Debug|Any CPU
		{551EAB3E-A7A6-451A-82A2-CAEB732EC713}.Debug|Any CPU.Build.0 = Debug|Any CPU
		{551EAB3E-A7A6-451A-82A2-CAEB732EC713}.Release|Any CPU.ActiveCfg = Release|Any CPU
		{551EAB3E-A7A6-451A-82A2-CAEB732EC713}.Release|Any CPU.Build.0 = Release|Any CPU
		{6CFF795A-9558-45E7-AC5C-8D421D122781}.Debug|Any CPU.ActiveCfg = Debug|Any CPU
		{6CFF795A-9558-45E7-AC5C-8D421D122781}.Debug|Any CPU.Build.0 = Debug|Any CPU
		{6CFF795A-9558-45E7-AC5C-8D421D122781}.Release|Any CPU.ActiveCfg = Release|Any CPU
		{6CFF795A-9558-45E7-AC5C-8D421D122781}.Release|Any CPU.Build.0 = Release|Any CPU
	EndGlobalSection
	GlobalSection(SolutionProperties) = preSolution
		HideSolutionNode = FALSE
	EndGlobalSection
	GlobalSection(ExtensibilityGlobals) = postSolution
		SolutionGuid = {A69B22B5-BB81-4EBF-AFE8-3DE14FBB6ABB}
	EndGlobalSection
EndGlobal
